
Microsoft Visual Studio Solution File, Format Version 12.00
# Visual Studio 15
VisualStudioVersion = 15.0.27428.2011
MinimumVisualStudioVersion = 10.0.40219.1
Project("{FAE04EC0-301F-11D3-BF4B-00C04F79EFBC}") = "LocalizationTool", "LocalizationTool\LocalizationTool.csproj", "{8B0820AD-56D7-44E8-84F9-EAA4E476B8A3}"
EndProject
Global
	GlobalSection(SolutionConfigurationPlatforms) = preSolution
		Debug|Any CPU = Debug|Any CPU
		Release|Any CPU = Release|Any CPU
	EndGlobalSection
	GlobalSection(ProjectConfigurationPlatforms) = postSolution
		{8B0820AD-56D7-44E8-84F9-EAA4E476B8A3}.Debug|Any CPU.ActiveCfg = Debug|Any CPU
		{8B0820AD-56D7-44E8-84F9-EAA4E476B8A3}.Debug|Any CPU.Build.0 = Debug|Any CPU
		{8B0820AD-56D7-44E8-84F9-EAA4E476B8A3}.Release|Any CPU.ActiveCfg = Release|Any CPU
		{8B0820AD-56D7-44E8-84F9-EAA4E476B8A3}.Release|Any CPU.Build.0 = Release|Any CPU
	EndGlobalSection
	GlobalSection(SolutionProperties) = preSolution
		HideSolutionNode = FALSE
	EndGlobalSection
	GlobalSection(ExtensibilityGlobals) = postSolution
		SolutionGuid = {863CB8D0-3A05-41FE-B05C-21B80FC90810}
	EndGlobalSection
EndGlobal
